
Microsoft Visual Studio Solution File, Format Version 12.00
# Visual Studio Version 16
VisualStudioVersion = 16.0.31105.61
MinimumVisualStudioVersion = 10.0.40219.1
Project("{FAE04EC0-301F-11D3-BF4B-00C04F79EFBC}") = "Notetrix.Web", "notetrix\Notetrix.Web.csproj", "{7DB48083-A933-4CE1-90F5-D2380E5CCD9D}"
EndProject
Project("{FAE04EC0-301F-11D3-BF4B-00C04F79EFBC}") = "Notetrix.Core", "Notetrix.Core\Notetrix.Core.csproj", "{2AD02106-B081-46E2-BD36-152AEC7A9766}"
EndProject
Project("{FAE04EC0-301F-11D3-BF4B-00C04F79EFBC}") = "Notetrix.Infrastructure", "Notetrix.Infrastructure\Notetrix.Infrastructure.csproj", "{C7BC5C70-CA6A-4A8D-AAAE-690BEFC26897}"
EndProject
Global
	GlobalSection(SolutionConfigurationPlatforms) = preSolution
		Debug|Any CPU = Debug|Any CPU
		Release|Any CPU = Release|Any CPU
	EndGlobalSection
	GlobalSection(ProjectConfigurationPlatforms) = postSolution
		{7DB48083-A933-4CE1-90F5-D2380E5CCD9D}.Debug|Any CPU.ActiveCfg = Debug|Any CPU
		{7DB48083-A933-4CE1-90F5-D2380E5CCD9D}.Debug|Any CPU.Build.0 = Debug|Any CPU
		{7DB48083-A933-4CE1-90F5-D2380E5CCD9D}.Release|Any CPU.ActiveCfg = Release|Any CPU
		{7DB48083-A933-4CE1-90F5-D2380E5CCD9D}.Release|Any CPU.Build.0 = Release|Any CPU
		{2AD02106-B081-46E2-BD36-152AEC7A9766}.Debug|Any CPU.ActiveCfg = Debug|Any CPU
		{2AD02106-B081-46E2-BD36-152AEC7A9766}.Debug|Any CPU.Build.0 = Debug|Any CPU
		{2AD02106-B081-46E2-BD36-152AEC7A9766}.Release|Any CPU.ActiveCfg = Release|Any CPU
		{2AD02106-B081-46E2-BD36-152AEC7A9766}.Release|Any CPU.Build.0 = Release|Any CPU
		{C7BC5C70-CA6A-4A8D-AAAE-690BEFC26897}.Debug|Any CPU.ActiveCfg = Debug|Any CPU
		{C7BC5C70-CA6A-4A8D-AAAE-690BEFC26897}.Debug|Any CPU.Build.0 = Debug|Any CPU
		{C7BC5C70-CA6A-4A8D-AAAE-690BEFC26897}.Release|Any CPU.ActiveCfg = Release|Any CPU
		{C7BC5C70-CA6A-4A8D-AAAE-690BEFC26897}.Release|Any CPU.Build.0 = Release|Any CPU
	EndGlobalSection
	GlobalSection(SolutionProperties) = preSolution
		HideSolutionNode = FALSE
	EndGlobalSection
	GlobalSection(ExtensibilityGlobals) = postSolution
		SolutionGuid = {39F90B31-F00A-4DB7-BF23-FBCE36B0FDB4}
	EndGlobalSection
EndGlobal
